
Microsoft Visual Studio Solution File, Format Version 12.00
# Visual Studio Version 17
VisualStudioVersion = 17.4.33403.182
MinimumVisualStudioVersion = 10.0.40219.1
Project("{FAE04EC0-301F-11D3-BF4B-00C04F79EFBC}") = "Latencty_Analyzer", "Latencty_Analyzer\Latencty_Analyzer.csproj", "{898C6B14-B471-4D1A-A713-F35C93005913}"
EndProject
Global
	GlobalSection(SolutionConfigurationPlatforms) = preSolution
		Debug|Any CPU = Debug|Any CPU
		Release|Any CPU = Release|Any CPU
	EndGlobalSection
	GlobalSection(ProjectConfigurationPlatforms) = postSolution
		{898C6B14-B471-4D1A-A713-F35C93005913}.Debug|Any CPU.ActiveCfg = Debug|Any CPU
		{898C6B14-B471-4D1A-A713-F35C93005913}.Debug|Any CPU.Build.0 = Debug|Any CPU
		{898C6B14-B471-4D1A-A713-F35C93005913}.Release|Any CPU.ActiveCfg = Release|Any CPU
		{898C6B14-B471-4D1A-A713-F35C93005913}.Release|Any CPU.Build.0 = Release|Any CPU
	EndGlobalSection
	GlobalSection(SolutionProperties) = preSolution
		HideSolutionNode = FALSE
	EndGlobalSection
	GlobalSection(ExtensibilityGlobals) = postSolution
		SolutionGuid = {25141063-C62D-4E95-80F0-C32FC19E942A}
	EndGlobalSection
EndGlobal
